{
  "name": "SCC 3.0",
  "lockfileVersion": 3,
  "requires": true,
  "dependencies": {
    "bootstrap": {
      "version": "file:../../modules/bootstrap"
    },
    "@fortawesome/fontawesome-free": {
      "version": "file:../../modules/fontawesome"
    },
    "jquery": {
      "version": "file:../../modules/jquery"
    }
  }
}
